<?xml version="1.0" encoding="utf-8"?>
<Project ToolsVersion="4.0" xmlns="http://schemas.microsoft.com/developer/msbuild/2003">
  <ItemGroup>
    <Filter Include="Fichiers sources">
      <UniqueIdentifier>{4FC737F1-C7A5-4376-A066-2A32D752A2FF}</UniqueIdentifier>
      <Extensions>cpp;c;cc;cxx;c++;cppm;ixx;def;odl;idl;hpj;bat;asm;asmx</Extensions>
    </Filter>
    <Filter Include="Fichiers d%27en-tête">
      <UniqueIdentifier>{93995380-89BD-4b04-88EB-625FBE52EBFB}</UniqueIdentifier>
      <Extensions>h;hh;hpp;hxx;h++;hm;inl;inc;ipp;xsd</Extensions>
    </Filter>
    <Filter Include="Fichiers de ressources">
      <UniqueIdentifier>{67DA6AB6-F800-4c08-8B7A-83BB121AAD01}</UniqueIdentifier>
      <Extensions>rc;ico;cur;bmp;dlg;rc2;rct;bin;rgs;gif;jpg;jpeg;jpe;resx;tiff;tif;png;wav;mfcribbon-ms</Extensions>
    </Filter>
    <Filter Include="Fichiers sources\Core">
      <UniqueIdentifier>{e5114f18-b94e-42ed-941e-30c62a3655e0}</UniqueIdentifier>
    </Filter>
    <Filter Include="Fichiers d%27en-tête\Core">
      <UniqueIdentifier>{1eb22641-6ab9-45b4-9323-c0c7a7fac7a0}</UniqueIdentifier>
    </Filter>
    <Filter Include="Fichiers d%27en-tête\Map">
      <UniqueIdentifier>{f0ba8d10-32f0-40bf-bbee-09f058a0a152}</UniqueIdentifier>
    </Filter>
    <Filter Include="Fichiers d%27en-tête\Entities">
      <UniqueIdentifier>{d776789a-6e75-46ea-ab88-2c3c7b97616b}</UniqueIdentifier>
    </Filter>
    <Filter Include="Fichiers d%27en-tête\Systems">
      <UniqueIdentifier>{bbf29a3c-2449-4f45-9faa-316f38c318b5}</UniqueIdentifier>
    </Filter>
    <Filter Include="Fichiers sources\Map">
      <UniqueIdentifier>{14fa21b2-e63e-4005-9dfd-d7f84e001904}</UniqueIdentifier>
    </Filter>
    <Filter Include="Fichiers sources\Entities">
      <UniqueIdentifier>{00843dc8-8500-490c-94c0-b7e29e804d54}</UniqueIdentifier>
    </Filter>
    <Filter Include="Fichiers sources\Systems">
      <UniqueIdentifier>{fe8dc32c-229c-4dd4-a786-46ea9b3ea910}</UniqueIdentifier>
    </Filter>
    <Filter Include="Fichiers sources\Hud">
      <UniqueIdentifier>{a9a5bc1d-431f-4620-bb09-0872e32bafd9}</UniqueIdentifier>
    </Filter>
    <Filter Include="Fichiers d%27en-tête\Hud">
      <UniqueIdentifier>{e15debec-16a5-445e-89d4-8941a047e890}</UniqueIdentifier>
    </Filter>
    <Filter Include="Fichiers sources\Systems\A%2a">
      <UniqueIdentifier>{a8cfb3c0-2afa-42c6-a0a0-4bd95dc7bc05}</UniqueIdentifier>
    </Filter>
    <Filter Include="Fichiers d%27en-tête\Systems\A%2a">
      <UniqueIdentifier>{91db1366-850a-4ff3-88be-b48ee75703bc}</UniqueIdentifier>
    </Filter>
    <Filter Include="Fichiers sources\Entities\Ennemies">
      <UniqueIdentifier>{af68a546-c1ce-4544-9e3c-dda2196315cb}</UniqueIdentifier>
    </Filter>
    <Filter Include="Fichiers d%27en-tête\Entities\Ennemies">
      <UniqueIdentifier>{0cacd254-dc4f-4e7b-8017-d8acf2672d40}</UniqueIdentifier>
    </Filter>
  </ItemGroup>
  <ItemGroup>
    <ClCompile Include="src\main.cpp">
      <Filter>Fichiers sources</Filter>
    </ClCompile>
    <ClCompile Include="src\core\Game.cpp">
      <Filter>Fichiers sources\Core</Filter>
    </ClCompile>
    <ClCompile Include="src\entities\Player.cpp">
      <Filter>Fichiers sources\Entities</Filter>
    </ClCompile>
    <ClCompile Include="src\entities\Entity.cpp">
      <Filter>Fichiers sources\Entities</Filter>
    </ClCompile>
    <ClCompile Include="src\map\Platform.cpp">
      <Filter>Fichiers sources\Map</Filter>
    </ClCompile>
    <ClCompile Include="src\systems\Datas.cpp">
      <Filter>Fichiers sources\Systems</Filter>
    </ClCompile>
    <ClCompile Include="src\systems\AssetLoader.cpp">
      <Filter>Fichiers sources\Systems</Filter>
    </ClCompile>
    <ClCompile Include="src\map\Map.cpp">
      <Filter>Fichiers sources\Map</Filter>
    </ClCompile>
    <ClCompile Include="src\entities\FSM.cpp">
      <Filter>Fichiers sources\Entities</Filter>
    </ClCompile>
    <ClCompile Include="src\entities\ManagerEnnemy.cpp">
      <Filter>Fichiers sources\Entities</Filter>
    </ClCompile>
    <ClCompile Include="src\hud\menu\PauseMenu.cpp">
      <Filter>Fichiers sources\Hud</Filter>
    </ClCompile>
    <ClCompile Include="src\hud\menu\GameOverMenu.cpp">
      <Filter>Fichiers sources\Hud</Filter>
    </ClCompile>
    <ClCompile Include="src\hud\menu\LevelSelectorMenu.cpp">
      <Filter>Fichiers sources\Hud</Filter>
    </ClCompile>
    <ClCompile Include="src\hud\menu\MainMenu.cpp">
      <Filter>Fichiers sources\Hud</Filter>
    </ClCompile>
    <ClCompile Include="src\hud\menu\Menu.cpp">
      <Filter>Fichiers sources\Hud</Filter>
    </ClCompile>
    <ClCompile Include="src\hud\menu\Button.cpp">
      <Filter>Fichiers sources\Hud</Filter>
    </ClCompile>
    <ClCompile Include="src\systems\Node.cpp">
      <Filter>Fichiers sources\Systems\A%2a</Filter>
    </ClCompile>
    <ClCompile Include="src\systems\pathfinding.cpp">
      <Filter>Fichiers sources\Systems\A%2a</Filter>
    </ClCompile>
    <ClCompile Include="src\systems\grid.cpp">
      <Filter>Fichiers sources\Systems</Filter>
    </ClCompile>
    <ClCompile Include="src\entities\Projectile.cpp">
      <Filter>Fichiers sources\Entities</Filter>
    </ClCompile>
    <ClCompile Include="src\map\Tiles.cpp">
      <Filter>Fichiers sources\Map</Filter>
    </ClCompile>
    <ClCompile Include="src\hud\menu\OptionsMenu.cpp">
      <Filter>Fichiers sources\Hud</Filter>
    </ClCompile>
    <ClCompile Include="src\hud\menu\VideoMenu.cpp">
      <Filter>Fichiers sources\Hud</Filter>
    </ClCompile>
    <ClCompile Include="src\hud\menu\ControlMenu.cpp">
      <Filter>Fichiers sources\Hud</Filter>
    </ClCompile>
    <ClCompile Include="src\hud\menu\SoundMenu.cpp">
      <Filter>Fichiers sources\Hud</Filter>
    </ClCompile>
    <ClCompile Include="src\systems\AudioSystem.cpp">
      <Filter>Fichiers sources\Systems</Filter>
    </ClCompile>
    <ClCompile Include="src\entities\Tank.cpp">
      <Filter>Fichiers sources\Entities\Ennemies</Filter>
    </ClCompile>
    <ClCompile Include="src\hud\menu\BouncingTitle.cpp">
      <Filter>Fichiers sources\Hud</Filter>
    </ClCompile>
    <ClCompile Include="src\systems\Animation.cpp">
      <Filter>Fichiers sources</Filter>
    </ClCompile>
    <ClCompile Include="src\entities\drone.cpp">
      <Filter>Fichiers sources</Filter>
    </ClCompile>
    <ClCompile Include="src\entities\incendiaire.cpp">
      <Filter>Fichiers sources</Filter>
    </ClCompile>
    <ClCompile Include="src\entities\CapsuleEnergie.cpp">
      <Filter>Fichiers sources</Filter>
    </ClCompile>
    <ClCompile Include="src\entities\CapsuleHP.cpp">
      <Filter>Fichiers sources</Filter>
    </ClCompile>
    <ClCompile Include="src\systems\audioManager.cpp">
      <Filter>Fichiers sources</Filter>
    </ClCompile>
    <ClCompile Include="src\map\Reparable.cpp">
      <Filter>Fichiers sources\Map</Filter>
    </ClCompile>
    <ClCompile Include="src\map\Deco.cpp">
      <Filter>Fichiers sources\Map</Filter>
    </ClCompile>
    <ClCompile Include="src\entities\Shadow.cpp">
      <Filter>Fichiers sources</Filter>
    </ClCompile>
  </ItemGroup>
  <ItemGroup>
    <ClInclude Include="src\core\Game.hpp">
      <Filter>Fichiers d%27en-tête\Core</Filter>
    </ClInclude>
    <ClInclude Include="src\entities\Entity.hpp">
      <Filter>Fichiers d%27en-tête\Entities</Filter>
    </ClInclude>
    <ClInclude Include="src\entities\Player.hpp">
      <Filter>Fichiers d%27en-tête\Entities</Filter>
    </ClInclude>
    <ClInclude Include="src\map\Platform.hpp">
      <Filter>Fichiers d%27en-tête\Map</Filter>
    </ClInclude>
    <ClInclude Include="src\systems\Datas.hpp">
      <Filter>Fichiers d%27en-tête\Systems</Filter>
    </ClInclude>
    <ClInclude Include="src\systems\AssetLoader.hpp">
      <Filter>Fichiers d%27en-tête\Systems</Filter>
    </ClInclude>
    <ClInclude Include="src\map\Map.hpp">
      <Filter>Fichiers d%27en-tête\Map</Filter>
    </ClInclude>
    <ClInclude Include="src\entities\FSM.hpp">
      <Filter>Fichiers d%27en-tête\Entities</Filter>
    </ClInclude>
    <ClInclude Include="src\entities\ManagerEnnemy.hpp">
      <Filter>Fichiers d%27en-tête\Entities</Filter>
    </ClInclude>
    <ClInclude Include="src\systems\GESTION TEXTURE.hpp">
      <Filter>Fichiers d%27en-tête\Systems</Filter>
    </ClInclude>
    <ClInclude Include="src\hud\menu\LevelSelectorMenu.hpp">
      <Filter>Fichiers d%27en-tête\Hud</Filter>
    </ClInclude>
    <ClInclude Include="src\hud\menu\MainMenu.hpp">
      <Filter>Fichiers d%27en-tête\Hud</Filter>
    </ClInclude>
    <ClInclude Include="src\hud\menu\PauseMenu.hpp">
      <Filter>Fichiers d%27en-tête\Hud</Filter>
    </ClInclude>
    <ClInclude Include="src\hud\menu\GameOverMenu.hpp">
      <Filter>Fichiers d%27en-tête\Hud</Filter>
    </ClInclude>
    <ClInclude Include="src\hud\menu\Menu.hpp">
      <Filter>Fichiers d%27en-tête\Hud</Filter>
    </ClInclude>
    <ClInclude Include="src\hud\menu\Button.hpp">
      <Filter>Fichiers d%27en-tête\Hud</Filter>
    </ClInclude>
    <ClInclude Include="src\systems\pathfinfing.hpp">
      <Filter>Fichiers d%27en-tête\Systems\A%2a</Filter>
    </ClInclude>
    <ClInclude Include="src\systems\Node.hpp">
      <Filter>Fichiers d%27en-tête\Systems\A%2a</Filter>
    </ClInclude>
    <ClInclude Include="src\systems\grid.hpp">
      <Filter>Fichiers d%27en-tête\Systems</Filter>
    </ClInclude>
    <ClInclude Include="src\entities\Projectile.hpp">
      <Filter>Fichiers d%27en-tête\Entities</Filter>
    </ClInclude>
    <ClInclude Include="src\map\Tiles.hpp">
      <Filter>Fichiers d%27en-tête\Map</Filter>
    </ClInclude>
    <ClInclude Include="src\hud\menu\OptionsMenu.hpp">
      <Filter>Fichiers d%27en-tête\Hud</Filter>
    </ClInclude>
    <ClInclude Include="src\hud\menu\VideoMenu.hpp">
      <Filter>Fichiers d%27en-tête\Hud</Filter>
    </ClInclude>
    <ClInclude Include="src\hud\menu\ControlMenu.hpp">
      <Filter>Fichiers d%27en-tête\Hud</Filter>
    </ClInclude>
    <ClInclude Include="src\hud\menu\SoundMenu.hpp">
      <Filter>Fichiers d%27en-tête\Hud</Filter>
    </ClInclude>
    <ClInclude Include="src\systems\AudioSystem.hpp">
      <Filter>Fichiers d%27en-tête\Systems</Filter>
    </ClInclude>
    <ClInclude Include="src\systems\Animation.hpp">
      <Filter>Fichiers d%27en-tête</Filter>
    </ClInclude>
    <ClInclude Include="src\entities\Tank.hpp">
      <Filter>Fichiers d%27en-tête\Entities\Ennemies</Filter>
    </ClInclude>
    <ClInclude Include="src\entities\incendiaire.hpp">
      <Filter>Fichiers d%27en-tête\Entities\Ennemies</Filter>
    </ClInclude>
    <ClInclude Include="src\entities\drone.hpp">
      <Filter>Fichiers d%27en-tête\Entities\Ennemies</Filter>
    </ClInclude>
    <ClInclude Include="src\hud\menu\BouncingTitle.hpp">
      <Filter>Fichiers d%27en-tête\Hud</Filter>
    </ClInclude>
    <ClInclude Include="src\entities\CapsuleEnergie.hpp">
      <Filter>Fichiers d%27en-tête</Filter>
    </ClInclude>
    <ClInclude Include="src\entities\CapsuleHP.hpp">
      <Filter>Fichiers d%27en-tête</Filter>
    </ClInclude>
    <ClInclude Include="src\systems\audioManager.hpp">
      <Filter>Fichiers d%27en-tête</Filter>
    </ClInclude>
    <ClInclude Include="src\map\Deco.hpp">
      <Filter>Fichiers d%27en-tête\Map</Filter>
    </ClInclude>
    <ClInclude Include="src\map\Reparable.hpp">
      <Filter>Fichiers d%27en-tête\Map</Filter>
    </ClInclude>
    <ClInclude Include="src\entities\Shadow.hpp">
      <Filter>Fichiers d%27en-tête</Filter>
    </ClInclude>
  </ItemGroup>
</Project>